
Microsoft Visual Studio Solution File, Format Version 12.00
# Visual Studio 15
VisualStudioVersion = 15.0.26730.8
MinimumVisualStudioVersion = 10.0.40219.1
Project("{FAE04EC0-301F-11D3-BF4B-00C04F79EFBC}") = "virtual-call-in-constructor", "virtual-call-in-constructor\virtual-call-in-constructor.csproj", "{F4B9964D-ABF1-4557-B9D1-6A8493FEEB1B}"
EndProject
Global
	GlobalSection(SolutionConfigurationPlatforms) = preSolution
		Debug|Any CPU = Debug|Any CPU
		Release|Any CPU = Release|Any CPU
	EndGlobalSection
	GlobalSection(ProjectConfigurationPlatforms) = postSolution
		{F4B9964D-ABF1-4557-B9D1-6A8493FEEB1B}.Debug|Any CPU.ActiveCfg = Debug|Any CPU
		{F4B9964D-ABF1-4557-B9D1-6A8493FEEB1B}.Debug|Any CPU.Build.0 = Debug|Any CPU
		{F4B9964D-ABF1-4557-B9D1-6A8493FEEB1B}.Release|Any CPU.ActiveCfg = Release|Any CPU
		{F4B9964D-ABF1-4557-B9D1-6A8493FEEB1B}.Release|Any CPU.Build.0 = Release|Any CPU
	EndGlobalSection
	GlobalSection(SolutionProperties) = preSolution
		HideSolutionNode = FALSE
	EndGlobalSection
	GlobalSection(ExtensibilityGlobals) = postSolution
		SolutionGuid = {92EE2018-0EEB-49F3-82B3-FEEE1AFFA283}
	EndGlobalSection
EndGlobal
